// !$*UTF8*$!
{
	archiveVersion = 1;
	classes = {
	};
	objectVersion = 56;
	objects = {

/* Begin PBXBuildFile section */
		40505B452A08829A005ECD09 /* MineKamfApp.swift in Sources */ = {isa = PBXBuildFile; fileRef = 40505B442A08829A005ECD09 /* MineKamfApp.swift */; };
		40505B472A08829A005ECD09 /* ContentView.swift in Sources */ = {isa = PBXBuildFile; fileRef = 40505B462A08829A005ECD09 /* ContentView.swift */; };
		40505B492A08829A005ECD09 /* Assets.xcassets in Resources */ = {isa = PBXBuildFile; fileRef = 40505B482A08829A005ECD09 /* Assets.xcassets */; };
		40505B4C2A08829A005ECD09 /* Preview Assets.xcassets in Resources */ = {isa = PBXBuildFile; fileRef = 40505B4B2A08829A005ECD09 /* Preview Assets.xcassets */; };
		40505B562A08829B005ECD09 /* MineKamfTests.swift in Sources */ = {isa = PBXBuildFile; fileRef = 40505B552A08829B005ECD09 /* MineKamfTests.swift */; };
		40505B602A08829B005ECD09 /* MineKamfUITests.swift in Sources */ = {isa = PBXBuildFile; fileRef = 40505B5F2A08829B005ECD09 /* MineKamfUITests.swift */; };
		40505B622A08829B005ECD09 /* MineKamfUITestsLaunchTests.swift in Sources */ = {isa = PBXBuildFile; fileRef = 40505B612A08829B005ECD09 /* MineKamfUITestsLaunchTests.swift */; };
		40505B6F2A09F276005ECD09 /* SwiftUIView.swift in Sources */ = {isa = PBXBuildFile; fileRef = 40505B6E2A09F276005ECD09 /* SwiftUIView.swift */; };
/* End PBXBuildFile section */

/* Begin PBXContainerItemProxy section */
		40505B522A08829B005ECD09 /* PBXContainerItemProxy */ = {
			isa = PBXContainerItemProxy;
			containerPortal = 40505B392A08829A005ECD09 /* Project object */;
			proxyType = 1;
			remoteGlobalIDString = 40505B402A08829A005ECD09;
			remoteInfo = MineKamf;
		};
		40505B5C2A08829B005ECD09 /* PBXContainerItemProxy */ = {
			isa = PBXContainerItemProxy;
			containerPortal = 40505B392A08829A005ECD09 /* Project object */;
			proxyType = 1;
			remoteGlobalIDString = 40505B402A08829A005ECD09;
			remoteInfo = MineKamf;
		};
/* End PBXContainerItemProxy section */

/* Begin PBXFileReference section */
		40505B412A08829A005ECD09 /* MineKamf.app */ = {isa = PBXFileReference; explicitFileType = wrapper.application; includeInIndex = 0; path = MineKamf.app; sourceTree = BUILT_PRODUCTS_DIR; };
		40505B442A08829A005ECD09 /* MineKamfApp.swift */ = {isa = PBXFileReference; lastKnownFileType = sourcecode.swift; path = MineKamfApp.swift; sourceTree = "<group>"; };
		40505B462A08829A005ECD09 /* ContentView.swift */ = {isa = PBXFileReference; lastKnownFileType = sourcecode.swift; path = ContentView.swift; sourceTree = "<group>"; };
		40505B482A08829A005ECD09 /* Assets.xcassets */ = {isa = PBXFileReference; lastKnownFileType = folder.assetcatalog; path = Assets.xcassets; sourceTree = "<group>"; };
		40505B4B2A08829A005ECD09 /* Preview Assets.xcassets */ = {isa = PBXFileReference; lastKnownFileType = folder.assetcatalog; path = "Preview Assets.xcassets"; sourceTree = "<group>"; };
		40505B512A08829B005ECD09 /* MineKamfTests.xctest */ = {isa = PBXFileReference; explicitFileType = wrapper.cfbundle; includeInIndex = 0; path = MineKamfTests.xctest; sourceTree = BUILT_PRODUCTS_DIR; };
		40505B552A08829B005ECD09 /* MineKamfTests.swift */ = {isa = PBXFileReference; lastKnownFileType = sourcecode.swift; path = MineKamfTests.swift; sourceTree = "<group>"; };
		40505B5B2A08829B005ECD09 /* MineKamfUITests.xctest */ = {isa = PBXFileReference; explicitFileType = wrapper.cfbundle; includeInIndex = 0; path = MineKamfUITests.xctest; sourceTree = BUILT_PRODUCTS_DIR; };
		40505B5F2A08829B005ECD09 /* MineKamfUITests.swift */ = {isa = PBXFileReference; lastKnownFileType = sourcecode.swift; path = MineKamfUITests.swift; sourceTree = "<group>"; };
		40505B612A08829B005ECD09 /* MineKamfUITestsLaunchTests.swift */ = {isa = PBXFileReference; lastKnownFileType = sourcecode.swift; path = MineKamfUITestsLaunchTests.swift; sourceTree = "<group>"; };
		40505B6E2A09F276005ECD09 /* SwiftUIView.swift */ = {isa = PBXFileReference; lastKnownFileType = sourcecode.swift; path = SwiftUIView.swift; sourceTree = "<group>"; };
/* End PBXFileReference section */

/* Begin PBXFrameworksBuildPhase section */
		40505B3E2A08829A005ECD09 /* Frameworks */ = {
			isa = PBXFrameworksBuildPhase;
			buildActionMask = 2147483647;
			files = (
			);
			runOnlyForDeploymentPostprocessing = 0;
		};
		40505B4E2A08829B005ECD09 /* Frameworks */ = {
			isa = PBXFrameworksBuildPhase;
			buildActionMask = 2147483647;
			files = (
			);
			runOnlyForDeploymentPostprocessing = 0;
		};
		40505B582A08829B005ECD09 /* Frameworks */ = {
			isa = PBXFrameworksBuildPhase;
			buildActionMask = 2147483647;
			files = (
			);
			runOnlyForDeploymentPostprocessing = 0;
		};
/* End PBXFrameworksBuildPhase section */

/* Begin PBXGroup section */
		40505B382A08829A005ECD09 = {
			isa = PBXGroup;
			children = (
				40505B432A08829A005ECD09 /* MineKamf */,
				40505B542A08829B005ECD09 /* MineKamfTests */,
				40505B5E2A08829B005ECD09 /* MineKamfUITests */,
				40505B422A08829A005ECD09 /* Products */,
			);
			sourceTree = "<group>";
		};
		40505B422A08829A005ECD09 /* Products */ = {
			isa = PBXGroup;
			children = (
				40505B412A08829A005ECD09 /* MineKamf.app */,
				40505B512A08829B005ECD09 /* MineKamfTests.xctest */,
				40505B5B2A08829B005ECD09 /* MineKamfUITests.xctest */,
			);
			name = Products;
			sourceTree = "<group>";
		};
		40505B432A08829A005ECD09 /* MineKamf */ = {
			isa = PBXGroup;
			children = (
				40505B442A08829A005ECD09 /* MineKamfApp.swift */,
				40505B462A08829A005ECD09 /* ContentView.swift */,
				40505B6E2A09F276005ECD09 /* SwiftUIView.swift */,
				40505B482A08829A005ECD09 /* Assets.xcassets */,
				40505B4A2A08829A005ECD09 /* Preview Content */,
			);
			path = MineKamf;
			sourceTree = "<group>";
		};
		40505B4A2A08829A005ECD09 /* Preview Content */ = {
			isa = PBXGroup;
			children = (
				40505B4B2A08829A005ECD09 /* Preview Assets.xcassets */,
			);
			path = "Preview Content";
			sourceTree = "<group>";
		};
		40505B542A08829B005ECD09 /* MineKamfTests */ = {
			isa = PBXGroup;
			children = (
				40505B552A08829B005ECD09 /* MineKamfTests.swift */,
			);
			path = MineKamfTests;
			sourceTree = "<group>";
		};
		40505B5E2A08829B005ECD09 /* MineKamfUITests */ = {
			isa = PBXGroup;
			children = (
				40505B5F2A08829B005ECD09 /* MineKamfUITests.swift */,
				40505B612A08829B005ECD09 /* MineKamfUITestsLaunchTests.swift */,
			);
			path = MineKamfUITests;
			sourceTree = "<group>";
		};
/* End PBXGroup section */

/* Begin PBXNativeTarget section */
		40505B402A08829A005ECD09 /* MineKamf */ = {
			isa = PBXNativeTarget;
			buildConfigurationList = 40505B652A08829B005ECD09 /* Build configuration list for PBXNativeTarget "MineKamf" */;
			buildPhases = (
				40505B3D2A08829A005ECD09 /* Sources */,
				40505B3E2A08829A005ECD09 /* Frameworks */,
				40505B3F2A08829A005ECD09 /* Resources */,
			);
			buildRules = (
			);
			dependencies = (
			);
			name = MineKamf;
			productName = MineKamf;
			productReference = 40505B412A08829A005ECD09 /* MineKamf.app */;
			productType = "com.apple.product-type.application";
		};
		40505B502A08829B005ECD09 /* MineKamfTests */ = {
			isa = PBXNativeTarget;
			buildConfigurationList = 40505B682A08829B005ECD09 /* Build configuration list for PBXNativeTarget "MineKamfTests" */;
			buildPhases = (
				40505B4D2A08829B005ECD09 /* Sources */,
				40505B4E2A08829B005ECD09 /* Frameworks */,
				40505B4F2A08829B005ECD09 /* Resources */,
			);
			buildRules = (
			);
			dependencies = (
				40505B532A08829B005ECD09 /* PBXTargetDependency */,
			);
			name = MineKamfTests;
			productName = MineKamfTests;
			productReference = 40505B512A08829B005ECD09 /* MineKamfTests.xctest */;
			productType = "com.apple.product-type.bundle.unit-test";
		};
		40505B5A2A08829B005ECD09 /* MineKamfUITests */ = {
			isa = PBXNativeTarget;
			buildConfigurationList = 40505B6B2A08829B005ECD09 /* Build configuration list for PBXNativeTarget "MineKamfUITests" */;
			buildPhases = (
				40505B572A08829B005ECD09 /* Sources */,
				40505B582A08829B005ECD09 /* Frameworks */,
				40505B592A08829B005ECD09 /* Resources */,
			);
			buildRules = (
			);
			dependencies = (
				40505B5D2A08829B005ECD09 /* PBXTargetDependency */,
			);
			name = MineKamfUITests;
			productName = MineKamfUITests;
			productReference = 40505B5B2A08829B005ECD09 /* MineKamfUITests.xctest */;
			productType = "com.apple.product-type.bundle.ui-testing";
		};
/* End PBXNativeTarget section */

/* Begin PBXProject section */
		40505B392A08829A005ECD09 /* Project object */ = {
			isa = PBXProject;
			attributes = {
				BuildIndependentTargetsInParallel = 1;
				LastSwiftUpdateCheck = 1430;
				LastUpgradeCheck = 1430;
				TargetAttributes = {
					40505B402A08829A005ECD09 = {
						CreatedOnToolsVersion = 14.3;
					};
					40505B502A08829B005ECD09 = {
						CreatedOnToolsVersion = 14.3;
						TestTargetID = 40505B402A08829A005ECD09;
					};
					40505B5A2A08829B005ECD09 = {
						CreatedOnToolsVersion = 14.3;
						TestTargetID = 40505B402A08829A005ECD09;
					};
				};
			};
			buildConfigurationList = 40505B3C2A08829A005ECD09 /* Build configuration list for PBXProject "MineKamf" */;
			compatibilityVersion = "Xcode 14.0";
			developmentRegion = en;
			hasScannedForEncodings = 0;
			knownRegions = (
				en,
				Base,
			);
			mainGroup = 40505B382A08829A005ECD09;
			productRefGroup = 40505B422A08829A005ECD09 /* Products */;
			projectDirPath = "";
			projectRoot = "";
			targets = (
				40505B402A08829A005ECD09 /* MineKamf */,
				40505B502A08829B005ECD09 /* MineKamfTests */,
				40505B5A2A08829B005ECD09 /* MineKamfUITests */,
			);
		};
/* End PBXProject section */

/* Begin PBXResourcesBuildPhase section */
		40505B3F2A08829A005ECD09 /* Resources */ = {
			isa = PBXResourcesBuildPhase;
			buildActionMask = 2147483647;
			files = (
				40505B4C2A08829A005ECD09 /* Preview Assets.xcassets in Resources */,
				40505B492A08829A005ECD09 /* Assets.xcassets in Resources */,
			);
			runOnlyForDeploymentPostprocessing = 0;
		};
		40505B4F2A08829B005ECD09 /* Resources */ = {
			isa = PBXResourcesBuildPhase;
			buildActionMask = 2147483647;
			files = (
			);
			runOnlyForDeploymentPostprocessing = 0;
		};
		40505B592A08829B005ECD09 /* Resources */ = {
			isa = PBXResourcesBuildPhase;
			buildActionMask = 2147483647;
			files = (
			);
			runOnlyForDeploymentPostprocessing = 0;
		};
/* End PBXResourcesBuildPhase section */

/* Begin PBXSourcesBuildPhase section */
		40505B3D2A08829A005ECD09 /* Sources */ = {
			isa = PBXSourcesBuildPhase;
			buildActionMask = 2147483647;
			files = (
				40505B472A08829A005ECD09 /* ContentView.swift in Sources */,
				40505B452A08829A005ECD09 /* MineKamfApp.swift in Sources */,
				40505B6F2A09F276005ECD09 /* SwiftUIView.swift in Sources */,
			);
			runOnlyForDeploymentPostprocessing = 0;
		};
		40505B4D2A08829B005ECD09 /* Sources */ = {
			isa = PBXSourcesBuildPhase;
			buildActionMask = 2147483647;
			files = (
				40505B562A08829B005ECD09 /* MineKamfTests.swift in Sources */,
			);
			runOnlyForDeploymentPostprocessing = 0;
		};
		40505B572A08829B005ECD09 /* Sources */ = {
			isa = PBXSourcesBuildPhase;
			buildActionMask = 2147483647;
			files = (
				40505B622A08829B005ECD09 /* MineKamfUITestsLaunchTests.swift in Sources */,
				40505B602A08829B005ECD09 /* MineKamfUITests.swift in Sources */,
			);
			runOnlyForDeploymentPostprocessing = 0;
		};
/* End PBXSourcesBuildPhase section */

/* Begin PBXTargetDependency section */
		40505B532A08829B005ECD09 /* PBXTargetDependency */ = {
			isa = PBXTargetDependency;
			target = 40505B402A08829A005ECD09 /* MineKamf */;
			targetProxy = 40505B522A08829B005ECD09 /* PBXContainerItemProxy */;
		};
		40505B5D2A08829B005ECD09 /* PBXTargetDependency */ = {
			isa = PBXTargetDependency;
			target = 40505B402A08829A005ECD09 /* MineKamf */;
			targetProxy = 40505B5C2A08829B005ECD09 /* PBXContainerItemProxy */;
		};
/* End PBXTargetDependency section */

/* Begin XCBuildConfiguration section */
		40505B632A08829B005ECD09 /* Debug */ = {
			isa = XCBuildConfiguration;
			buildSettings = {
				ALWAYS_SEARCH_USER_PATHS = NO;
				CLANG_ANALYZER_NONNULL = YES;
				CLANG_ANALYZER_NUMBER_OBJECT_CONVERSION = YES_AGGRESSIVE;
				CLANG_CXX_LANGUAGE_STANDARD = "gnu++20";
				CLANG_ENABLE_MODULES = YES;
				CLANG_ENABLE_OBJC_ARC = YES;
				CLANG_ENABLE_OBJC_WEAK = YES;
				CLANG_WARN_BLOCK_CAPTURE_AUTORELEASING = YES;
				CLANG_WARN_BOOL_CONVERSION = YES;
				CLANG_WARN_COMMA = YES;
				CLANG_WARN_CONSTANT_CONVERSION = YES;
				CLANG_WARN_DEPRECATED_OBJC_IMPLEMENTATIONS = YES;
				CLANG_WARN_DIRECT_OBJC_ISA_USAGE = YES_ERROR;
				CLANG_WARN_DOCUMENTATION_COMMENTS = YES;
				CLANG_WARN_EMPTY_BODY = YES;
				CLANG_WARN_ENUM_CONVERSION = YES;
				CLANG_WARN_INFINITE_RECURSION = YES;
				CLANG_WARN_INT_CONVERSION = YES;
				CLANG_WARN_NON_LITERAL_NULL_CONVERSION = YES;
				CLANG_WARN_OBJC_IMPLICIT_RETAIN_SELF = YES;
				CLANG_WARN_OBJC_LITERAL_CONVERSION = YES;
				CLANG_WARN_OBJC_ROOT_CLASS = YES_ERROR;
				CLANG_WARN_QUOTED_INCLUDE_IN_FRAMEWORK_HEADER = YES;
				CLANG_WARN_RANGE_LOOP_ANALYSIS = YES;
				CLANG_WARN_STRICT_PROTOTYPES = YES;
				CLANG_WARN_SUSPICIOUS_MOVE = YES;
				CLANG_WARN_UNGUARDED_AVAILABILITY = YES_AGGRESSIVE;
				CLANG_WARN_UNREACHABLE_CODE = YES;
				CLANG_WARN__DUPLICATE_METHOD_MATCH = YES;
				COPY_PHASE_STRIP = NO;
				DEBUG_INFORMATION_FORMAT = dwarf;
				ENABLE_STRICT_OBJC_MSGSEND = YES;
				ENABLE_TESTABILITY = YES;
				GCC_C_LANGUAGE_STANDARD = gnu11;
				GCC_DYNAMIC_NO_PIC = NO;
				GCC_NO_COMMON_BLOCKS = YES;
				GCC_OPTIMIZATION_LEVEL = 0;
				GCC_PREPROCESSOR_DEFINITIONS = (
					"DEBUG=1",
					"$(inherited)",
				);
				GCC_WARN_64_TO_32_BIT_CONVERSION = YES;
				GCC_WARN_ABOUT_RETURN_TYPE = YES_ERROR;
				GCC_WARN_UNDECLARED_SELECTOR = YES;
				GCC_WARN_UNINITIALIZED_AUTOS = YES_AGGRESSIVE;
				GCC_WARN_UNUSED_FUNCTION = YES;
				GCC_WARN_UNUSED_VARIABLE = YES;
				IPHONEOS_DEPLOYMENT_TARGET = 16.4;
				MTL_ENABLE_DEBUG_INFO = INCLUDE_SOURCE;
				MTL_FAST_MATH = YES;
				ONLY_ACTIVE_ARCH = YES;
				SDKROOT = iphoneos;
				SWIFT_ACTIVE_COMPILATION_CONDITIONS = DEBUG;
				SWIFT_OPTIMIZATION_LEVEL = "-Onone";
			};
			name = Debug;
		};
		40505B642A08829B005ECD09 /* Release */ = {
			isa = XCBuildConfiguration;
			buildSettings = {
				ALWAYS_SEARCH_USER_PATHS = NO;
				CLANG_ANALYZER_NONNULL = YES;
				CLANG_ANALYZER_NUMBER_OBJECT_CONVERSION = YES_AGGRESSIVE;
				CLANG_CXX_LANGUAGE_STANDARD = "gnu++20";
				CLANG_ENABLE_MODULES = YES;
				CLANG_ENABLE_OBJC_ARC = YES;
				CLANG_ENABLE_OBJC_WEAK = YES;
				CLANG_WARN_BLOCK_CAPTURE_AUTORELEASING = YES;
				CLANG_WARN_BOOL_CONVERSION = YES;
				CLANG_WARN_COMMA = YES;
				CLANG_WARN_CONSTANT_CONVERSION = YES;
				CLANG_WARN_DEPRECATED_OBJC_IMPLEMENTATIONS = YES;
				CLANG_WARN_DIRECT_OBJC_ISA_USAGE = YES_ERROR;
				CLANG_WARN_DOCUMENTATION_COMMENTS = YES;
				CLANG_WARN_EMPTY_BODY = YES;
				CLANG_WARN_ENUM_CONVERSION = YES;
				CLANG_WARN_INFINITE_RECURSION = YES;
				CLANG_WARN_INT_CONVERSION = YES;
				CLANG_WARN_NON_LITERAL_NULL_CONVERSION = YES;
				CLANG_WARN_OBJC_IMPLICIT_RETAIN_SELF = YES;
				CLANG_WARN_OBJC_LITERAL_CONVERSION = YES;
				CLANG_WARN_OBJC_ROOT_CLASS = YES_ERROR;
				CLANG_WARN_QUOTED_INCLUDE_IN_FRAMEWORK_HEADER = YES;
				CLANG_WARN_RANGE_LOOP_ANALYSIS = YES;
				CLANG_WARN_STRICT_PROTOTYPES = YES;
				CLANG_WARN_SUSPICIOUS_MOVE = YES;
				CLANG_WARN_UNGUARDED_AVAILABILITY = YES_AGGRESSIVE;
				CLANG_WARN_UNREACHABLE_CODE = YES;
				CLANG_WARN__DUPLICATE_METHOD_MATCH = YES;
				COPY_PHASE_STRIP = NO;
				DEBUG_INFORMATION_FORMAT = "dwarf-with-dsym";
				ENABLE_NS_ASSERTIONS = NO;
				ENABLE_STRICT_OBJC_MSGSEND = YES;
				GCC_C_LANGUAGE_STANDARD = gnu11;
				GCC_NO_COMMON_BLOCKS = YES;
				GCC_WARN_64_TO_32_BIT_CONVERSION = YES;
				GCC_WARN_ABOUT_RETURN_TYPE = YES_ERROR;
				GCC_WARN_UNDECLARED_SELECTOR = YES;
				GCC_WARN_UNINITIALIZED_AUTOS = YES_AGGRESSIVE;
				GCC_WARN_UNUSED_FUNCTION = YES;
				GCC_WARN_UNUSED_VARIABLE = YES;
				IPHONEOS_DEPLOYMENT_TARGET = 16.4;
				MTL_ENABLE_DEBUG_INFO = NO;
				MTL_FAST_MATH = YES;
				SDKROOT = iphoneos;
				SWIFT_COMPILATION_MODE = wholemodule;
				SWIFT_OPTIMIZATION_LEVEL = "-O";
				VALIDATE_PRODUCT = YES;
			};
			name = Release;
		};
		40505B662A08829B005ECD09 /* Debug */ = {
			isa = XCBuildConfiguration;
			buildSettings = {
				ASSETCATALOG_COMPILER_APPICON_NAME = AppIcon;
				ASSETCATALOG_COMPILER_GLOBAL_ACCENT_COLOR_NAME = AccentColor;
				CODE_SIGN_STYLE = Automatic;
				CURRENT_PROJECT_VERSION = 1;
				DEVELOPMENT_ASSET_PATHS = "\"MineKamf/Preview Content\"";
				ENABLE_PREVIEWS = YES;
				GENERATE_INFOPLIST_FILE = YES;
				INFOPLIST_KEY_UIApplicationSceneManifest_Generation = YES;
				INFOPLIST_KEY_UIApplicationSupportsIndirectInputEvents = YES;
				INFOPLIST_KEY_UILaunchScreen_Generation = YES;
				INFOPLIST_KEY_UISupportedInterfaceOrientations_iPad = "UIInterfaceOrientationPortrait UIInterfaceOrientationPortraitUpsideDown UIInterfaceOrientationLandscapeLeft UIInterfaceOrientationLandscapeRight";
				INFOPLIST_KEY_UISupportedInterfaceOrientations_iPhone = "UIInterfaceOrientationPortrait UIInterfaceOrientationLandscapeLeft UIInterfaceOrientationLandscapeRight";
				LD_RUNPATH_SEARCH_PATHS = (
					"$(inherited)",
					"@executable_path/Frameworks",
				);
				MARKETING_VERSION = 1.0;
				PRODUCT_BUNDLE_IDENTIFIER = Adolf.MineKamf;
				PRODUCT_NAME = "$(TARGET_NAME)";
				SWIFT_EMIT_LOC_STRINGS = YES;
				SWIFT_VERSION = 5.0;
				TARGETED_DEVICE_FAMILY = "1,2";
			};
			name = Debug;
		};
		40505B672A08829B005ECD09 /* Release */ = {
			isa = XCBuildConfiguration;
			buildSettings = {
				ASSETCATALOG_COMPILER_APPICON_NAME = AppIcon;
				ASSETCATALOG_COMPILER_GLOBAL_ACCENT_COLOR_NAME = AccentColor;
				CODE_SIGN_STYLE = Automatic;
				CURRENT_PROJECT_VERSION = 1;
				DEVELOPMENT_ASSET_PATHS = "\"MineKamf/Preview Content\"";
				ENABLE_PREVIEWS = YES;
				GENERATE_INFOPLIST_FILE = YES;
				INFOPLIST_KEY_UIApplicationSceneManifest_Generation = YES;
				INFOPLIST_KEY_UIApplicationSupportsIndirectInputEvents = YES;
				INFOPLIST_KEY_UILaunchScreen_Generation = YES;
				INFOPLIST_KEY_UISupportedInterfaceOrientations_iPad = "UIInterfaceOrientationPortrait UIInterfaceOrientationPortraitUpsideDown UIInterfaceOrientationLandscapeLeft UIInterfaceOrientationLandscapeRight";
				INFOPLIST_KEY_UISupportedInterfaceOrientations_iPhone = "UIInterfaceOrientationPortrait UIInterfaceOrientationLandscapeLeft UIInterfaceOrientationLandscapeRight";
				LD_RUNPATH_SEARCH_PATHS = (
					"$(inherited)",
					"@executable_path/Frameworks",
				);
				MARKETING_VERSION = 1.0;
				PRODUCT_BUNDLE_IDENTIFIER = Adolf.MineKamf;
				PRODUCT_NAME = "$(TARGET_NAME)";
				SWIFT_EMIT_LOC_STRINGS = YES;
				SWIFT_VERSION = 5.0;
				TARGETED_DEVICE_FAMILY = "1,2";
			};
			name = Release;
		};
		40505B692A08829B005ECD09 /* Debug */ = {
			isa = XCBuildConfiguration;
			buildSettings = {
				ALWAYS_EMBED_SWIFT_STANDARD_LIBRARIES = YES;
				BUNDLE_LOADER = "$(TEST_HOST)";
				CODE_SIGN_STYLE = Automatic;
				CURRENT_PROJECT_VERSION = 1;
				GENERATE_INFOPLIST_FILE = YES;
				IPHONEOS_DEPLOYMENT_TARGET = 16.4;
				MARKETING_VERSION = 1.0;
				PRODUCT_BUNDLE_IDENTIFIER = Adolf.MineKamfTests;
				PRODUCT_NAME = "$(TARGET_NAME)";
				SWIFT_EMIT_LOC_STRINGS = NO;
				SWIFT_VERSION = 5.0;
				TARGETED_DEVICE_FAMILY = "1,2";
				TEST_HOST = "$(BUILT_PRODUCTS_DIR)/MineKamf.app/$(BUNDLE_EXECUTABLE_FOLDER_PATH)/MineKamf";
			};
			name = Debug;
		};
		40505B6A2A08829B005ECD09 /* Release */ = {
			isa = XCBuildConfiguration;
			buildSettings = {
				ALWAYS_EMBED_SWIFT_STANDARD_LIBRARIES = YES;
				BUNDLE_LOADER = "$(TEST_HOST)";
				CODE_SIGN_STYLE = Automatic;
				CURRENT_PROJECT_VERSION = 1;
				GENERATE_INFOPLIST_FILE = YES;
				IPHONEOS_DEPLOYMENT_TARGET = 16.4;
				MARKETING_VERSION = 1.0;
				PRODUCT_BUNDLE_IDENTIFIER = Adolf.MineKamfTests;
				PRODUCT_NAME = "$(TARGET_NAME)";
				SWIFT_EMIT_LOC_STRINGS = NO;
				SWIFT_VERSION = 5.0;
				TARGETED_DEVICE_FAMILY = "1,2";
				TEST_HOST = "$(BUILT_PRODUCTS_DIR)/MineKamf.app/$(BUNDLE_EXECUTABLE_FOLDER_PATH)/MineKamf";
			};
			name = Release;
		};
		40505B6C2A08829B005ECD09 /* Debug */ = {
			isa = XCBuildConfiguration;
			buildSettings = {
				ALWAYS_EMBED_SWIFT_STANDARD_LIBRARIES = YES;
				CODE_SIGN_STYLE = Automatic;
				CURRENT_PROJECT_VERSION = 1;
				GENERATE_INFOPLIST_FILE = YES;
				MARKETING_VERSION = 1.0;
				PRODUCT_BUNDLE_IDENTIFIER = Adolf.MineKamfUITests;
				PRODUCT_NAME = "$(TARGET_NAME)";
				SWIFT_EMIT_LOC_STRINGS = NO;
				SWIFT_VERSION = 5.0;
				TARGETED_DEVICE_FAMILY = "1,2";
				TEST_TARGET_NAME = MineKamf;
			};
			name = Debug;
		};
		40505B6D2A08829B005ECD09 /* Release */ = {
			isa = XCBuildConfiguration;
			buildSettings = {
				ALWAYS_EMBED_SWIFT_STANDARD_LIBRARIES = YES;
				CODE_SIGN_STYLE = Automatic;
				CURRENT_PROJECT_VERSION = 1;
				GENERATE_INFOPLIST_FILE = YES;
				MARKETING_VERSION = 1.0;
				PRODUCT_BUNDLE_IDENTIFIER = Adolf.MineKamfUITests;
				PRODUCT_NAME = "$(TARGET_NAME)";
				SWIFT_EMIT_LOC_STRINGS = NO;
				SWIFT_VERSION = 5.0;
				TARGETED_DEVICE_FAMILY = "1,2";
				TEST_TARGET_NAME = MineKamf;
			};
			name = Release;
		};
/* End XCBuildConfiguration section */

/* Begin XCConfigurationList section */
		40505B3C2A08829A005ECD09 /* Build configuration list for PBXProject "MineKamf" */ = {
			isa = XCConfigurationList;
			buildConfigurations = (
				40505B632A08829B005ECD09 /* Debug */,
				40505B642A08829B005ECD09 /* Release */,
			);
			defaultConfigurationIsVisible = 0;
			defaultConfigurationName = Release;
		};
		40505B652A08829B005ECD09 /* Build configuration list for PBXNativeTarget "MineKamf" */ = {
			isa = XCConfigurationList;
			buildConfigurations = (
				40505B662A08829B005ECD09 /* Debug */,
				40505B672A08829B005ECD09 /* Release */,
			);
			defaultConfigurationIsVisible = 0;
			defaultConfigurationName = Release;
		};
		40505B682A08829B005ECD09 /* Build configuration list for PBXNativeTarget "MineKamfTests" */ = {
			isa = XCConfigurationList;
			buildConfigurations = (
				40505B692A08829B005ECD09 /* Debug */,
				40505B6A2A08829B005ECD09 /* Release */,
			);
			defaultConfigurationIsVisible = 0;
			defaultConfigurationName = Release;
		};
		40505B6B2A08829B005ECD09 /* Build configuration list for PBXNativeTarget "MineKamfUITests" */ = {
			isa = XCConfigurationList;
			buildConfigurations = (
				40505B6C2A08829B005ECD09 /* Debug */,
				40505B6D2A08829B005ECD09 /* Release */,
			);
			defaultConfigurationIsVisible = 0;
			defaultConfigurationName = Release;
		};
/* End XCConfigurationList section */
	};
	rootObject = 40505B392A08829A005ECD09 /* Project object */;
}
